
Microsoft Visual Studio Solution File, Format Version 12.00
# Visual Studio Version 17
VisualStudioVersion = 17.5.33516.290
MinimumVisualStudioVersion = 10.0.40219.1
Project("{FAE04EC0-301F-11D3-BF4B-00C04F79EFBC}") = "Ex04.Menus.Events", "Ex04.Menus.Events\Ex04.Menus.Events.csproj", "{74381E43-6645-4076-9D3B-67F3E618D5E4}"
EndProject
Project("{FAE04EC0-301F-11D3-BF4B-00C04F79EFBC}") = "Ex04.Menus.Test", "Ex04.Menus.Test\Ex04.Menus.Test.csproj", "{F6AC4E18-5FE3-479E-9DEA-26CFEB9E0FF4}"
EndProject
Project("{FAE04EC0-301F-11D3-BF4B-00C04F79EFBC}") = "Ex04.Menus.Interfaces", "Ex04.Menus.Interfaces\Ex04.Menus.Interfaces.csproj", "{8C409DD2-FB85-474B-96ED-681ED70B0BCC}"
EndProject
Global
	GlobalSection(SolutionConfigurationPlatforms) = preSolution
		Debug|Any CPU = Debug|Any CPU
		Release|Any CPU = Release|Any CPU
	EndGlobalSection
	GlobalSection(ProjectConfigurationPlatforms) = postSolution
		{74381E43-6645-4076-9D3B-67F3E618D5E4}.Debug|Any CPU.ActiveCfg = Debug|Any CPU
		{74381E43-6645-4076-9D3B-67F3E618D5E4}.Debug|Any CPU.Build.0 = Debug|Any CPU
		{74381E43-6645-4076-9D3B-67F3E618D5E4}.Release|Any CPU.ActiveCfg = Release|Any CPU
		{74381E43-6645-4076-9D3B-67F3E618D5E4}.Release|Any CPU.Build.0 = Release|Any CPU
		{F6AC4E18-5FE3-479E-9DEA-26CFEB9E0FF4}.Debug|Any CPU.ActiveCfg = Debug|Any CPU
		{F6AC4E18-5FE3-479E-9DEA-26CFEB9E0FF4}.Debug|Any CPU.Build.0 = Debug|Any CPU
		{F6AC4E18-5FE3-479E-9DEA-26CFEB9E0FF4}.Release|Any CPU.ActiveCfg = Release|Any CPU
		{F6AC4E18-5FE3-479E-9DEA-26CFEB9E0FF4}.Release|Any CPU.Build.0 = Release|Any CPU
		{8C409DD2-FB85-474B-96ED-681ED70B0BCC}.Debug|Any CPU.ActiveCfg = Debug|Any CPU
		{8C409DD2-FB85-474B-96ED-681ED70B0BCC}.Debug|Any CPU.Build.0 = Debug|Any CPU
		{8C409DD2-FB85-474B-96ED-681ED70B0BCC}.Release|Any CPU.ActiveCfg = Release|Any CPU
		{8C409DD2-FB85-474B-96ED-681ED70B0BCC}.Release|Any CPU.Build.0 = Release|Any CPU
	EndGlobalSection
	GlobalSection(SolutionProperties) = preSolution
		HideSolutionNode = FALSE
	EndGlobalSection
	GlobalSection(ExtensibilityGlobals) = postSolution
		SolutionGuid = {19F39CA9-7FD4-4418-88A3-29F95074BF90}
	EndGlobalSection
EndGlobal
