
Microsoft Visual Studio Solution File, Format Version 12.00
# Visual Studio Version 17
VisualStudioVersion = 17.5.33516.290
MinimumVisualStudioVersion = 10.0.40219.1
Project("{FAE04EC0-301F-11D3-BF4B-00C04F79EFBC}") = "Ex01_01", "Ex01_01\Ex01_01.csproj", "{207245B6-951F-4D19-9F54-11B4DCA8C9DE}"
EndProject
Project("{FAE04EC0-301F-11D3-BF4B-00C04F79EFBC}") = "Ex01_04", "Ex01_04\Ex01_04.csproj", "{9AF92067-ED8C-4054-9B37-75110174D960}"
EndProject
Project("{FAE04EC0-301F-11D3-BF4B-00C04F79EFBC}") = "Ex01_02", "Ex01_02\Ex01_02.csproj", "{8E74A833-D60E-4EF5-A680-FEDFA65564AE}"
EndProject
Project("{FAE04EC0-301F-11D3-BF4B-00C04F79EFBC}") = "Ex01_03", "Ex01_03\Ex01_03.csproj", "{779BAEC3-72B5-4EF4-A521-43FBCB898037}"
EndProject
Project("{FAE04EC0-301F-11D3-BF4B-00C04F79EFBC}") = "Ex01_05", "Ex01_05\Ex01_05.csproj", "{6B124E8A-3348-48D0-ADA9-FEECE2F806D7}"
EndProject
Global
	GlobalSection(SolutionConfigurationPlatforms) = preSolution
		Debug|Any CPU = Debug|Any CPU
		Release|Any CPU = Release|Any CPU
	EndGlobalSection
	GlobalSection(ProjectConfigurationPlatforms) = postSolution
		{207245B6-951F-4D19-9F54-11B4DCA8C9DE}.Debug|Any CPU.ActiveCfg = Debug|Any CPU
		{207245B6-951F-4D19-9F54-11B4DCA8C9DE}.Debug|Any CPU.Build.0 = Debug|Any CPU
		{207245B6-951F-4D19-9F54-11B4DCA8C9DE}.Release|Any CPU.ActiveCfg = Release|Any CPU
		{207245B6-951F-4D19-9F54-11B4DCA8C9DE}.Release|Any CPU.Build.0 = Release|Any CPU
		{9AF92067-ED8C-4054-9B37-75110174D960}.Debug|Any CPU.ActiveCfg = Debug|Any CPU
		{9AF92067-ED8C-4054-9B37-75110174D960}.Debug|Any CPU.Build.0 = Debug|Any CPU
		{9AF92067-ED8C-4054-9B37-75110174D960}.Release|Any CPU.ActiveCfg = Release|Any CPU
		{9AF92067-ED8C-4054-9B37-75110174D960}.Release|Any CPU.Build.0 = Release|Any CPU
		{8E74A833-D60E-4EF5-A680-FEDFA65564AE}.Debug|Any CPU.ActiveCfg = Debug|Any CPU
		{8E74A833-D60E-4EF5-A680-FEDFA65564AE}.Debug|Any CPU.Build.0 = Debug|Any CPU
		{8E74A833-D60E-4EF5-A680-FEDFA65564AE}.Release|Any CPU.ActiveCfg = Release|Any CPU
		{8E74A833-D60E-4EF5-A680-FEDFA65564AE}.Release|Any CPU.Build.0 = Release|Any CPU
		{779BAEC3-72B5-4EF4-A521-43FBCB898037}.Debug|Any CPU.ActiveCfg = Debug|Any CPU
		{779BAEC3-72B5-4EF4-A521-43FBCB898037}.Debug|Any CPU.Build.0 = Debug|Any CPU
		{779BAEC3-72B5-4EF4-A521-43FBCB898037}.Release|Any CPU.ActiveCfg = Release|Any CPU
		{779BAEC3-72B5-4EF4-A521-43FBCB898037}.Release|Any CPU.Build.0 = Release|Any CPU
		{6B124E8A-3348-48D0-ADA9-FEECE2F806D7}.Debug|Any CPU.ActiveCfg = Debug|Any CPU
		{6B124E8A-3348-48D0-ADA9-FEECE2F806D7}.Debug|Any CPU.Build.0 = Debug|Any CPU
		{6B124E8A-3348-48D0-ADA9-FEECE2F806D7}.Release|Any CPU.ActiveCfg = Release|Any CPU
		{6B124E8A-3348-48D0-ADA9-FEECE2F806D7}.Release|Any CPU.Build.0 = Release|Any CPU
	EndGlobalSection
	GlobalSection(SolutionProperties) = preSolution
		HideSolutionNode = FALSE
	EndGlobalSection
	GlobalSection(ExtensibilityGlobals) = postSolution
		SolutionGuid = {5FFAAD99-A0DD-424C-A6CA-7CF7C4F71004}
	EndGlobalSection
EndGlobal
