
Microsoft Visual Studio Solution File, Format Version 12.00
# Visual Studio Version 17
VisualStudioVersion = 17.5.33516.290
MinimumVisualStudioVersion = 10.0.40219.1
Project("{FAE04EC0-301F-11D3-BF4B-00C04F79EFBC}") = "ReversedXMixDrix", "XMixDrix\ReversedXMixDrix.csproj", "{6B57CDAE-A749-4616-9C97-8B67215DF313}"
EndProject
Global
	GlobalSection(SolutionConfigurationPlatforms) = preSolution
		Debug|Any CPU = Debug|Any CPU
		Release|Any CPU = Release|Any CPU
	EndGlobalSection
	GlobalSection(ProjectConfigurationPlatforms) = postSolution
		{6B57CDAE-A749-4616-9C97-8B67215DF313}.Debug|Any CPU.ActiveCfg = Debug|Any CPU
		{6B57CDAE-A749-4616-9C97-8B67215DF313}.Debug|Any CPU.Build.0 = Debug|Any CPU
		{6B57CDAE-A749-4616-9C97-8B67215DF313}.Release|Any CPU.ActiveCfg = Release|Any CPU
		{6B57CDAE-A749-4616-9C97-8B67215DF313}.Release|Any CPU.Build.0 = Release|Any CPU
	EndGlobalSection
	GlobalSection(SolutionProperties) = preSolution
		HideSolutionNode = FALSE
	EndGlobalSection
	GlobalSection(ExtensibilityGlobals) = postSolution
		SolutionGuid = {28800B52-ADE1-4AB5-A4B5-A74E95512C75}
	EndGlobalSection
EndGlobal
